
Microsoft Visual Studio Solution File, Format Version 12.00
# Visual Studio Version 17
VisualStudioVersion = 17.14.36401.2 d17.14
MinimumVisualStudioVersion = 10.0.40219.1
Project("{FAE04EC0-301F-11D3-BF4B-00C04F79EFBC}") = "Employee_Management_System_CRUD_Operation", "Employee_Management_System_CRUD_Operation\Employee_Management_System_CRUD_Operation.csproj", "{E8F04725-6415-4CDE-9CE4-27D23C279DCA}"
EndProject
Global
	GlobalSection(SolutionConfigurationPlatforms) = preSolution
		Debug|Any CPU = Debug|Any CPU
		Release|Any CPU = Release|Any CPU
	EndGlobalSection
	GlobalSection(ProjectConfigurationPlatforms) = postSolution
		{E8F04725-6415-4CDE-9CE4-27D23C279DCA}.Debug|Any CPU.ActiveCfg = Debug|Any CPU
		{E8F04725-6415-4CDE-9CE4-27D23C279DCA}.Debug|Any CPU.Build.0 = Debug|Any CPU
		{E8F04725-6415-4CDE-9CE4-27D23C279DCA}.Release|Any CPU.ActiveCfg = Release|Any CPU
		{E8F04725-6415-4CDE-9CE4-27D23C279DCA}.Release|Any CPU.Build.0 = Release|Any CPU
	EndGlobalSection
	GlobalSection(SolutionProperties) = preSolution
		HideSolutionNode = FALSE
	EndGlobalSection
	GlobalSection(ExtensibilityGlobals) = postSolution
		SolutionGuid = {C8020818-E8ED-4DBC-B702-9C3906FAF57F}
	EndGlobalSection
EndGlobal
